
Microsoft Visual Studio Solution File, Format Version 12.00
# Visual Studio 15
VisualStudioVersion = 15.0.28307.421
MinimumVisualStudioVersion = 10.0.40219.1
Project("{FAE04EC0-301F-11D3-BF4B-00C04F79EFBC}") = "qwe.Molecules", "qwe.Molecules\qwe.Molecules.csproj", "{AD410D76-810B-45AA-9710-45ECDB6530CC}"
EndProject
Global
	GlobalSection(SolutionConfigurationPlatforms) = preSolution
		Debug|Any CPU = Debug|Any CPU
		Release|Any CPU = Release|Any CPU
	EndGlobalSection
	GlobalSection(ProjectConfigurationPlatforms) = postSolution
		{AD410D76-810B-45AA-9710-45ECDB6530CC}.Debug|Any CPU.ActiveCfg = Debug|Any CPU
		{AD410D76-810B-45AA-9710-45ECDB6530CC}.Debug|Any CPU.Build.0 = Debug|Any CPU
		{AD410D76-810B-45AA-9710-45ECDB6530CC}.Release|Any CPU.ActiveCfg = Release|Any CPU
		{AD410D76-810B-45AA-9710-45ECDB6530CC}.Release|Any CPU.Build.0 = Release|Any CPU
	EndGlobalSection
	GlobalSection(SolutionProperties) = preSolution
		HideSolutionNode = FALSE
	EndGlobalSection
	GlobalSection(ExtensibilityGlobals) = postSolution
		SolutionGuid = {A88B837B-6613-4C04-83CC-812CE14E0568}
	EndGlobalSection
EndGlobal
